Microsoft Visual Studio Solution File, Format Version 12.00
# Visual Studio Version 17
VisualStudioVersion = 17.5.2.0
MinimumVisualStudioVersion = 10.0.40219.1
Project("{FAE04EC0-301F-11D3-BF4B-00C04F79EFBC}") = "AI_JMS", "AI_JMS.csproj", "{B3D34CFF-5480-725E-8DC3-EDC68069A48C}"
EndProject
Global
	GlobalSection(SolutionConfigurationPlatforms) = preSolution
		Debug|Any CPU = Debug|Any CPU
		Release|Any CPU = Release|Any CPU
	EndGlobalSection
	GlobalSection(ProjectConfigurationPlatforms) = postSolution
		{B3D34CFF-5480-725E-8DC3-EDC68069A48C}.Debug|Any CPU.ActiveCfg = Debug|Any CPU
		{B3D34CFF-5480-725E-8DC3-EDC68069A48C}.Debug|Any CPU.Build.0 = Debug|Any CPU
		{B3D34CFF-5480-725E-8DC3-EDC68069A48C}.Release|Any CPU.ActiveCfg = Release|Any CPU
		{B3D34CFF-5480-725E-8DC3-EDC68069A48C}.Release|Any CPU.Build.0 = Release|Any CPU
	EndGlobalSection
	GlobalSection(SolutionProperties) = preSolution
		HideSolutionNode = FALSE
	EndGlobalSection
	GlobalSection(ExtensibilityGlobals) = postSolution
		SolutionGuid = {8F4E3FB3-4C8E-4430-85A8-EE2831514441}
	EndGlobalSection
EndGlobal
